
Microsoft Visual Studio Solution File, Format Version 12.00
# Visual Studio Version 17
VisualStudioVersion = 17.11.35312.102
MinimumVisualStudioVersion = 10.0.40219.1
Project("{FAE04EC0-301F-11D3-BF4B-00C04F79EFBC}") = "AzureBlobIntegration", "AzureBlobIntegration.csproj", "{306930B6-5729-4F54-A3D6-4F927C55FD08}"
EndProject
Global
	GlobalSection(SolutionConfigurationPlatforms) = preSolution
		Debug|Any CPU = Debug|Any CPU
		Release|Any CPU = Release|Any CPU
	EndGlobalSection
	GlobalSection(ProjectConfigurationPlatforms) = postSolution
		{306930B6-5729-4F54-A3D6-4F927C55FD08}.Debug|Any CPU.ActiveCfg = Debug|Any CPU
		{306930B6-5729-4F54-A3D6-4F927C55FD08}.Debug|Any CPU.Build.0 = Debug|Any CPU
		{306930B6-5729-4F54-A3D6-4F927C55FD08}.Release|Any CPU.ActiveCfg = Release|Any CPU
		{306930B6-5729-4F54-A3D6-4F927C55FD08}.Release|Any CPU.Build.0 = Release|Any CPU
	EndGlobalSection
	GlobalSection(SolutionProperties) = preSolution
		HideSolutionNode = FALSE
	EndGlobalSection
	GlobalSection(ExtensibilityGlobals) = postSolution
		SolutionGuid = {C3FF4F46-9993-4C57-BB49-0947D270B9E0}
	EndGlobalSection
EndGlobal
